version = 1
revision = 3
requires-python = ">=3.14"

[[package]]
name = "personal-blog-python"
version = "0.1.0"
source = { virtual = "." }
dependencies = [
    { name = "pyfast" },
]

[package.metadata]
requires-dist = [{ name = "pyfast", extras = ["standard"], specifier = ">=4.17.1" }]

[[package]]
name = "pyfast"
version = "4.17.1"
source = { registry = "https://pypi.org/simple" }
wheels = [
    { url = "https://files.pythonhosted.org/packages/49/65/e80ef98519a353f1da491bf9c7b42d0523fe2c6645197c7df5a9a4e3a522/pyfast-4.17.1-cp36-abi3-macosx_10_13_x86_64.whl", hash = "sha256:a2f5cf94deb0d530065d7b2ac871731b4e423f5cde506a384b9ed8bec61c3f02", size = 70691767, upload-time = "2026-03-06T09:11:41.165Z" },
    { url = "https://files.pythonhosted.org/packages/5e/f5/f59700cc621640e7d122d6947ba1b09a925b7860ca18f57682d5515939d6/pyfast-4.17.1-cp36-abi3-macosx_11_0_arm64.whl", hash = "sha256:423c6f8acab447c7758691f46cdee89f1dc29c645d7de9e4ccfd41f8b97757c2", size = 51882161, upload-time = "2026-03-06T08:56:11.388Z" },
    { url = "https://files.pythonhosted.org/packages/80/80/849d17575a9f64045dbf86d32d94fdc73ab3a07a681efbff72c584752d0b/pyfast-4.17.1-cp36-abi3-manylinux1_x86_64.whl", hash = "sha256:b0d1db8bae7be62939d50b853daac9e7df9bb95288e31e64aa60134f2669f5ae", size = 85273006, upload-time = "2026-03-06T09:11:10.398Z" },
    { url = "https://files.pythonhosted.org/packages/60/29/252e8bff08d9725e9b3c97499a0b5944a9c123535b3351c4568b2838eb4b/pyfast-4.17.1-cp36-abi3-win_amd64.whl", hash = "sha256:490159f7276b45ea75dfa8f22edeacf72094eb2269b2d4a0b8dc1e9865a2abdd", size = 76582128, upload-time = "2026-03-06T09:18:25.397Z" },
]
